
Microsoft Visual Studio Solution File, Format Version 12.00
# Visual Studio Version 16
VisualStudioVersion = 16.0.29806.167
MinimumVisualStudioVersion = 10.0.40219.1
Project("{FAE04EC0-301F-11D3-BF4B-00C04F79EFBC}") = "B181210010", "B181210010\B181210010.csproj", "{4775BB94-4F3E-4BBF-865D-AFA07A650F2D}"
EndProject
Global
	GlobalSection(SolutionConfigurationPlatforms) = preSolution
		Debug|Any CPU = Debug|Any CPU
		Release|Any CPU = Release|Any CPU
	EndGlobalSection
	GlobalSection(ProjectConfigurationPlatforms) = postSolution
		{4775BB94-4F3E-4BBF-865D-AFA07A650F2D}.Debug|Any CPU.ActiveCfg = Debug|Any CPU
		{4775BB94-4F3E-4BBF-865D-AFA07A650F2D}.Debug|Any CPU.Build.0 = Debug|Any CPU
		{4775BB94-4F3E-4BBF-865D-AFA07A650F2D}.Release|Any CPU.ActiveCfg = Release|Any CPU
		{4775BB94-4F3E-4BBF-865D-AFA07A650F2D}.Release|Any CPU.Build.0 = Release|Any CPU
	EndGlobalSection
	GlobalSection(SolutionProperties) = preSolution
		HideSolutionNode = FALSE
	EndGlobalSection
	GlobalSection(ExtensibilityGlobals) = postSolution
		SolutionGuid = {40E2EE47-B003-48EB-8FD7-BD54760F9F5E}
	EndGlobalSection
EndGlobal
